{
  "name": "autodrone",
  "version": "1.0.0",
  "lockfileVersion": 1,
  "requires": true,
  "dependencies": {
    "dronelib": {
      "version": "1.0.3",
      "resolved": "https://registry.npmjs.org/dronelib/-/dronelib-1.0.3.tgz",
      "integrity": "sha512-eyN7X/36XrODEvFn8tS/Zei70+Z6BE3Hla3lsS2T4K8CfJ9pRCGt0gxzbaiy99Cz3M6sDUpWIeHSwRThMonvpA=="
    }
  }
}
